
Microsoft Visual Studio Solution File, Format Version 12.00
# Visual Studio Version 16
VisualStudioVersion = 16.0.31624.102
MinimumVisualStudioVersion = 10.0.40219.1
Project("{FAE04EC0-301F-11D3-BF4B-00C04F79EFBC}") = "Originer.Client", "Originer.Client\Originer.Client.csproj", "{DCE9531D-1475-42E0-AF45-42EE750C7182}"
EndProject
Project("{FAE04EC0-301F-11D3-BF4B-00C04F79EFBC}") = "Originer", "..\Originer\Originer\Originer.csproj", "{4F256A5D-27D2-4464-83B0-860C9E26A3A3}"
EndProject
Global
	GlobalSection(SolutionConfigurationPlatforms) = preSolution
		Debug|Any CPU = Debug|Any CPU
		Release|Any CPU = Release|Any CPU
	EndGlobalSection
	GlobalSection(ProjectConfigurationPlatforms) = postSolution
		{DCE9531D-1475-42E0-AF45-42EE750C7182}.Debug|Any CPU.ActiveCfg = Debug|Any CPU
		{DCE9531D-1475-42E0-AF45-42EE750C7182}.Debug|Any CPU.Build.0 = Debug|Any CPU
		{DCE9531D-1475-42E0-AF45-42EE750C7182}.Release|Any CPU.ActiveCfg = Release|Any CPU
		{DCE9531D-1475-42E0-AF45-42EE750C7182}.Release|Any CPU.Build.0 = Release|Any CPU
		{4F256A5D-27D2-4464-83B0-860C9E26A3A3}.Debug|Any CPU.ActiveCfg = Debug|Any CPU
		{4F256A5D-27D2-4464-83B0-860C9E26A3A3}.Debug|Any CPU.Build.0 = Debug|Any CPU
		{4F256A5D-27D2-4464-83B0-860C9E26A3A3}.Release|Any CPU.ActiveCfg = Release|Any CPU
		{4F256A5D-27D2-4464-83B0-860C9E26A3A3}.Release|Any CPU.Build.0 = Release|Any CPU
	EndGlobalSection
	GlobalSection(SolutionProperties) = preSolution
		HideSolutionNode = FALSE
	EndGlobalSection
	GlobalSection(ExtensibilityGlobals) = postSolution
		SolutionGuid = {9A65509A-2AC6-4738-B11D-0975D0CB8136}
	EndGlobalSection
EndGlobal
